
Microsoft Visual Studio Solution File, Format Version 12.00
# Visual Studio Version 17
VisualStudioVersion = 17.14.36408.4 d17.14
MinimumVisualStudioVersion = 10.0.40219.1
Project("{2150E333-8FDC-42A3-9474-1A3956D46DE8}") = "src", "src", "{02EA681E-C7D8-13C7-8484-4AC65E1B71E8}"
EndProject
Project("{2150E333-8FDC-42A3-9474-1A3956D46DE8}") = "Business", "Business", "{4440386E-9F1C-4C81-BAF7-9BB767F35CE7}"
EndProject
Project("{2150E333-8FDC-42A3-9474-1A3956D46DE8}") = "Data", "Data", "{36DBF493-75DE-45B9-A2AC-3208D8B19076}"
EndProject
Project("{2150E333-8FDC-42A3-9474-1A3956D46DE8}") = "Common", "Common", "{7B0FF77C-2E78-47D1-9C69-78A85864AF57}"
EndProject
Project("{FAE04EC0-301F-11D3-BF4B-00C04F79EFBC}") = "Business.BankSystem", "src\Business\Business.BankSystem\Business.BankSystem.csproj", "{DB552FC1-8778-450F-81EC-235AB71F9558}"
EndProject
Project("{2150E333-8FDC-42A3-9474-1A3956D46DE8}") = "API", "API", "{9DAE695B-2D0F-4920-9AC8-2D9C0F8785C7}"
EndProject
Project("{FAE04EC0-301F-11D3-BF4B-00C04F79EFBC}") = "BankSystem.API", "src\API\BankSystem.API\BankSystem.API.csproj", "{1DC31E56-AA58-431B-B2D0-87F27A4CEEFC}"
EndProject
Project("{FAE04EC0-301F-11D3-BF4B-00C04F79EFBC}") = "Data.BankSystem.SQL", "src\Data\Data.BankSystem.SQL\Data.BankSystem.SQL.csproj", "{BA9EE301-2C9F-453A-9EB6-B4187133EEF8}"
EndProject
Project("{FAE04EC0-301F-11D3-BF4B-00C04F79EFBC}") = "Common.BankSystem", "src\Common\Common.BankSystem\Common.BankSystem.csproj", "{A0EB07FC-5423-498E-B8FE-D64C1F47CE30}"
EndProject
Global
	GlobalSection(SolutionConfigurationPlatforms) = preSolution
		Debug|Any CPU = Debug|Any CPU
		Release|Any CPU = Release|Any CPU
	EndGlobalSection
	GlobalSection(ProjectConfigurationPlatforms) = postSolution
		{DB552FC1-8778-450F-81EC-235AB71F9558}.Debug|Any CPU.ActiveCfg = Debug|Any CPU
		{DB552FC1-8778-450F-81EC-235AB71F9558}.Debug|Any CPU.Build.0 = Debug|Any CPU
		{DB552FC1-8778-450F-81EC-235AB71F9558}.Release|Any CPU.ActiveCfg = Release|Any CPU
		{DB552FC1-8778-450F-81EC-235AB71F9558}.Release|Any CPU.Build.0 = Release|Any CPU
		{1DC31E56-AA58-431B-B2D0-87F27A4CEEFC}.Debug|Any CPU.ActiveCfg = Debug|Any CPU
		{1DC31E56-AA58-431B-B2D0-87F27A4CEEFC}.Debug|Any CPU.Build.0 = Debug|Any CPU
		{1DC31E56-AA58-431B-B2D0-87F27A4CEEFC}.Release|Any CPU.ActiveCfg = Release|Any CPU
		{1DC31E56-AA58-431B-B2D0-87F27A4CEEFC}.Release|Any CPU.Build.0 = Release|Any CPU
		{BA9EE301-2C9F-453A-9EB6-B4187133EEF8}.Debug|Any CPU.ActiveCfg = Debug|Any CPU
		{BA9EE301-2C9F-453A-9EB6-B4187133EEF8}.Debug|Any CPU.Build.0 = Debug|Any CPU
		{BA9EE301-2C9F-453A-9EB6-B4187133EEF8}.Release|Any CPU.ActiveCfg = Release|Any CPU
		{BA9EE301-2C9F-453A-9EB6-B4187133EEF8}.Release|Any CPU.Build.0 = Release|Any CPU
		{A0EB07FC-5423-498E-B8FE-D64C1F47CE30}.Debug|Any CPU.ActiveCfg = Debug|Any CPU
		{A0EB07FC-5423-498E-B8FE-D64C1F47CE30}.Debug|Any CPU.Build.0 = Debug|Any CPU
		{A0EB07FC-5423-498E-B8FE-D64C1F47CE30}.Release|Any CPU.ActiveCfg = Release|Any CPU
		{A0EB07FC-5423-498E-B8FE-D64C1F47CE30}.Release|Any CPU.Build.0 = Release|Any CPU
	EndGlobalSection
	GlobalSection(SolutionProperties) = preSolution
		HideSolutionNode = FALSE
	EndGlobalSection
	GlobalSection(NestedProjects) = preSolution
		{4440386E-9F1C-4C81-BAF7-9BB767F35CE7} = {02EA681E-C7D8-13C7-8484-4AC65E1B71E8}
		{36DBF493-75DE-45B9-A2AC-3208D8B19076} = {02EA681E-C7D8-13C7-8484-4AC65E1B71E8}
		{7B0FF77C-2E78-47D1-9C69-78A85864AF57} = {02EA681E-C7D8-13C7-8484-4AC65E1B71E8}
		{DB552FC1-8778-450F-81EC-235AB71F9558} = {4440386E-9F1C-4C81-BAF7-9BB767F35CE7}
		{9DAE695B-2D0F-4920-9AC8-2D9C0F8785C7} = {02EA681E-C7D8-13C7-8484-4AC65E1B71E8}
		{1DC31E56-AA58-431B-B2D0-87F27A4CEEFC} = {9DAE695B-2D0F-4920-9AC8-2D9C0F8785C7}
		{BA9EE301-2C9F-453A-9EB6-B4187133EEF8} = {36DBF493-75DE-45B9-A2AC-3208D8B19076}
		{A0EB07FC-5423-498E-B8FE-D64C1F47CE30} = {7B0FF77C-2E78-47D1-9C69-78A85864AF57}
	EndGlobalSection
	GlobalSection(ExtensibilityGlobals) = postSolution
		SolutionGuid = {14F71599-2764-41FB-8EFE-BB364CFF7857}
	EndGlobalSection
EndGlobal
